{
  "nodes": {
    "fenix": {
      "inputs": {
        "nixpkgs": [
          "nixpkgs"
        ],
        "rust-analyzer-src": "rust-analyzer-src"
      },
      "locked": {
        "lastModified": 1751957021,
        "narHash": "sha256-2h9T/5Tyd2ounm3DAn+8LftRXctotQ/XD2aoZ9XBtsI=",
        "owner": "nix-community",
        "repo": "fenix",
        "rev": "fcb0981c8fe996743fc57087e781017eab6e46f9",
        "type": "github"
      },
      "original": {
        "owner": "nix-community",
        "repo": "fenix",
        "type": "github"
      }
    },
    "helix-pkg": {
      "inputs": {
        "nixpkgs": "nixpkgs",
        "rust-overlay": "rust-overlay"
      },
      "locked": {
        "lastModified": 1751980751,
        "narHash": "sha256-3ad7WUVvUczRRfw89AfkHo3KwewnahiENm10tPlisYw=",
        "owner": "helix-editor",
        "repo": "helix",
        "rev": "febc3d03b3e01ab1e1556092bc023798a991af11",
        "type": "github"
      },
      "original": {
        "owner": "helix-editor",
        "repo": "helix",
        "type": "github"
      }
    },
    "nixpkgs": {
      "locked": {
        "lastModified": 1740560979,
        "narHash": "sha256-Vr3Qi346M+8CjedtbyUevIGDZW8LcA1fTG0ugPY/Hic=",
        "owner": "nixos",
        "repo": "nixpkgs",
        "rev": "5135c59491985879812717f4c9fea69604e7f26f",
        "type": "github"
      },
      "original": {
        "owner": "nixos",
        "ref": "nixos-unstable",
        "repo": "nixpkgs",
        "type": "github"
      }
    },
    "nixpkgs_2": {
      "locked": {
        "lastModified": 1751977090,
        "narHash": "sha256-zPYskH6/kaQv0fY1JuKNa6bcHypTIudJKM794kBoOgc=",
        "owner": "cpcloud",
        "repo": "nixpkgs",
        "rev": "0baa1d2da0e1e7de3977ba21d4c52feb3b08bc76",
        "type": "github"
      },
      "original": {
        "owner": "cpcloud",
        "ref": "duckdb-1.3",
        "repo": "nixpkgs",
        "type": "github"
      }
    },
    "root": {
      "inputs": {
        "fenix": "fenix",
        "helix-pkg": "helix-pkg",
        "nixpkgs": "nixpkgs_2"
      }
    },
    "rust-analyzer-src": {
      "flake": false,
      "locked": {
        "lastModified": 1751913732,
        "narHash": "sha256-h6rTTB4MBJSIr4xsXxCi8fk8LdiFbwOw/g3QqBHLpW4=",
        "owner": "rust-lang",
        "repo": "rust-analyzer",
        "rev": "778e08df16294e4a2c11a40136f69f908e9be879",
        "type": "github"
      },
      "original": {
        "owner": "rust-lang",
        "ref": "nightly",
        "repo": "rust-analyzer",
        "type": "github"
      }
    },
    "rust-overlay": {
      "inputs": {
        "nixpkgs": [
          "helix-pkg",
          "nixpkgs"
        ]
      },
      "locked": {
        "lastModified": 1740623427,
        "narHash": "sha256-3SdPQrZoa4odlScFDUHd4CUPQ/R1gtH4Mq9u8CBiK8M=",
        "owner": "oxalica",
        "repo": "rust-overlay",
        "rev": "d342e8b5fd88421ff982f383c853f0fc78a847ab",
        "type": "github"
      },
      "original": {
        "owner": "oxalica",
        "repo": "rust-overlay",
        "type": "github"
      }
    }
  },
  "root": "root",
  "version": 7
}
